// !$*UTF8*$!
{
	archiveVersion = 1;
	classes = {
	};
	objectVersion = 50;
	objects = {

/* Begin PBXBuildFile section */
		E113A9C3216288B800BDA447 /* AppDelegate.swift in Sources */ = {isa = PBXBuildFile; fileRef = E113A9C2216288B800BDA447 /* AppDelegate.swift */; };
		E113A9C5216288B800BDA447 /* ViewController.swift in Sources */ = {isa = PBXBuildFile; fileRef = E113A9C4216288B800BDA447 /* ViewController.swift */; };
		E113A9C8216288B800BDA447 /* Main.storyboard in Resources */ = {isa = PBXBuildFile; fileRef = E113A9C6216288B800BDA447 /* Main.storyboard */; };
		E113A9CA216288BB00BDA447 /* Assets.xcassets in Resources */ = {isa = PBXBuildFile; fileRef = E113A9C9216288BB00BDA447 /* Assets.xcassets */; };
		E113A9CD216288BB00BDA447 /* LaunchScreen.storyboard in Resources */ = {isa = PBXBuildFile; fileRef = E113A9CB216288BB00BDA447 /* LaunchScreen.storyboard */; };
		E113A9D8216288BB00BDA447 /* extentions_exampleTests.swift in Sources */ = {isa = PBXBuildFile; fileRef = E113A9D7216288BB00BDA447 /* extentions_exampleTests.swift */; };
		E113A9E3216288BB00BDA447 /* extentions_exampleUITests.swift in Sources */ = {isa = PBXBuildFile; fileRef = E113A9E2216288BB00BDA447 /* extentions_exampleUITests.swift */; };
		E113A9F02162892400BDA447 /* Main.storyboard in Resources */ = {isa = PBXBuildFile; fileRef = E113A9C6216288B800BDA447 /* Main.storyboard */; };
		E113A9F12162892500BDA447 /* Main.storyboard in Resources */ = {isa = PBXBuildFile; fileRef = E113A9C6216288B800BDA447 /* Main.storyboard */; };
		E113A9F321628C7100BDA447 /* UIButtonExt.swift in Sources */ = {isa = PBXBuildFile; fileRef = E113A9F221628C7100BDA447 /* UIButtonExt.swift */; };
		E113A9F521629AB000BDA447 /* helper.swift in Sources */ = {isa = PBXBuildFile; fileRef = E113A9F421629AB000BDA447 /* helper.swift */; };
/* End PBXBuildFile section */

/* Begin PBXContainerItemProxy section */
		E113A9D4216288BB00BDA447 /* PBXContainerItemProxy */ = {
			isa = PBXContainerItemProxy;
			containerPortal = E113A9B7216288B800BDA447 /* Project object */;
			proxyType = 1;
			remoteGlobalIDString = E113A9BE216288B800BDA447;
			remoteInfo = "extentions-example";
		};
		E113A9DF216288BB00BDA447 /* PBXContainerItemProxy */ = {
			isa = PBXContainerItemProxy;
			containerPortal = E113A9B7216288B800BDA447 /* Project object */;
			proxyType = 1;
			remoteGlobalIDString = E113A9BE216288B800BDA447;
			remoteInfo = "extentions-example";
		};
/* End PBXContainerItemProxy section */

/* Begin PBXFileReference section */
		E113A9BF216288B800BDA447 /* extentions-example.app */ = {isa = PBXFileReference; explicitFileType = wrapper.application; includeInIndex = 0; path = "extentions-example.app"; sourceTree = BUILT_PRODUCTS_DIR; };
		E113A9C2216288B800BDA447 /* AppDelegate.swift */ = {isa = PBXFileReference; lastKnownFileType = sourcecode.swift; path = AppDelegate.swift; sourceTree = "<group>"; };
		E113A9C4216288B800BDA447 /* ViewController.swift */ = {isa = PBXFileReference; lastKnownFileType = sourcecode.swift; path = ViewController.swift; sourceTree = "<group>"; };
		E113A9C7216288B800BDA447 /* Base */ = {isa = PBXFileReference; lastKnownFileType = file.storyboard; name = Base; path = Base.lproj/Main.storyboard; sourceTree = "<group>"; };
		E113A9C9216288BB00BDA447 /* Assets.xcassets */ = {isa = PBXFileReference; lastKnownFileType = folder.assetcatalog; path = Assets.xcassets; sourceTree = "<group>"; };
		E113A9CC216288BB00BDA447 /* Base */ = {isa = PBXFileReference; lastKnownFileType = file.storyboard; name = Base; path = Base.lproj/LaunchScreen.storyboard; sourceTree = "<group>"; };
		E113A9CE216288BB00BDA447 /* Info.plist */ = {isa = PBXFileReference; lastKnownFileType = text.plist.xml; path = Info.plist; sourceTree = "<group>"; };
		E113A9D3216288BB00BDA447 /* extentions-exampleTests.xctest */ = {isa = PBXFileReference; explicitFileType = wrapper.cfbundle; includeInIndex = 0; path = "extentions-exampleTests.xctest"; sourceTree = BUILT_PRODUCTS_DIR; };
		E113A9D7216288BB00BDA447 /* extentions_exampleTests.swift */ = {isa = PBXFileReference; lastKnownFileType = sourcecode.swift; path = extentions_exampleTests.swift; sourceTree = "<group>"; };
		E113A9D9216288BB00BDA447 /* Info.plist */ = {isa = PBXFileReference; lastKnownFileType = text.plist.xml; path = Info.plist; sourceTree = "<group>"; };
		E113A9DE216288BB00BDA447 /* extentions-exampleUITests.xctest */ = {isa = PBXFileReference; explicitFileType = wrapper.cfbundle; includeInIndex = 0; path = "extentions-exampleUITests.xctest"; sourceTree = BUILT_PRODUCTS_DIR; };
		E113A9E2216288BB00BDA447 /* extentions_exampleUITests.swift */ = {isa = PBXFileReference; lastKnownFileType = sourcecode.swift; path = extentions_exampleUITests.swift; sourceTree = "<group>"; };
		E113A9E4216288BB00BDA447 /* Info.plist */ = {isa = PBXFileReference; lastKnownFileType = text.plist.xml; path = Info.plist; sourceTree = "<group>"; };
		E113A9F221628C7100BDA447 /* UIButtonExt.swift */ = {isa = PBXFileReference; lastKnownFileType = sourcecode.swift; path = UIButtonExt.swift; sourceTree = "<group>"; };
		E113A9F421629AB000BDA447 /* helper.swift */ = {isa = PBXFileReference; lastKnownFileType = sourcecode.swift; path = helper.swift; sourceTree = "<group>"; };
/* End PBXFileReference section */

/* Begin PBXFrameworksBuildPhase section */
		E113A9BC216288B800BDA447 /* Frameworks */ = {
			isa = PBXFrameworksBuildPhase;
			buildActionMask = 2147483647;
			files = (
			);
			runOnlyForDeploymentPostprocessing = 0;
		};
		E113A9D0216288BB00BDA447 /* Frameworks */ = {
			isa = PBXFrameworksBuildPhase;
			buildActionMask = 2147483647;
			files = (
			);
			runOnlyForDeploymentPostprocessing = 0;
		};
		E113A9DB216288BB00BDA447 /* Frameworks */ = {
			isa = PBXFrameworksBuildPhase;
			buildActionMask = 2147483647;
			files = (
			);
			runOnlyForDeploymentPostprocessing = 0;
		};
/* End PBXFrameworksBuildPhase section */

/* Begin PBXGroup section */
		E113A9B6216288B800BDA447 = {
			isa = PBXGroup;
			children = (
				E113A9C1216288B800BDA447 /* extentions-example */,
				E113A9D6216288BB00BDA447 /* extentions-exampleTests */,
				E113A9E1216288BB00BDA447 /* extentions-exampleUITests */,
				E113A9C0216288B800BDA447 /* Products */,
			);
			sourceTree = "<group>";
		};
		E113A9C0216288B800BDA447 /* Products */ = {
			isa = PBXGroup;
			children = (
				E113A9BF216288B800BDA447 /* extentions-example.app */,
				E113A9D3216288BB00BDA447 /* extentions-exampleTests.xctest */,
				E113A9DE216288BB00BDA447 /* extentions-exampleUITests.xctest */,
			);
			name = Products;
			sourceTree = "<group>";
		};
		E113A9C1216288B800BDA447 /* extentions-example */ = {
			isa = PBXGroup;
			children = (
				E113A9C2216288B800BDA447 /* AppDelegate.swift */,
				E113A9C4216288B800BDA447 /* ViewController.swift */,
				E113A9C6216288B800BDA447 /* Main.storyboard */,
				E113A9C9216288BB00BDA447 /* Assets.xcassets */,
				E113A9CB216288BB00BDA447 /* LaunchScreen.storyboard */,
				E113A9CE216288BB00BDA447 /* Info.plist */,
				E113A9F221628C7100BDA447 /* UIButtonExt.swift */,
				E113A9F421629AB000BDA447 /* helper.swift */,
			);
			path = "extentions-example";
			sourceTree = "<group>";
		};
		E113A9D6216288BB00BDA447 /* extentions-exampleTests */ = {
			isa = PBXGroup;
			children = (
				E113A9D7216288BB00BDA447 /* extentions_exampleTests.swift */,
				E113A9D9216288BB00BDA447 /* Info.plist */,
			);
			path = "extentions-exampleTests";
			sourceTree = "<group>";
		};
		E113A9E1216288BB00BDA447 /* extentions-exampleUITests */ = {
			isa = PBXGroup;
			children = (
				E113A9E2216288BB00BDA447 /* extentions_exampleUITests.swift */,
				E113A9E4216288BB00BDA447 /* Info.plist */,
			);
			path = "extentions-exampleUITests";
			sourceTree = "<group>";
		};
/* End PBXGroup section */

/* Begin PBXNativeTarget section */
		E113A9BE216288B800BDA447 /* extentions-example */ = {
			isa = PBXNativeTarget;
			buildConfigurationList = E113A9E7216288BB00BDA447 /* Build configuration list for PBXNativeTarget "extentions-example" */;
			buildPhases = (
				E113A9BB216288B800BDA447 /* Sources */,
				E113A9BC216288B800BDA447 /* Frameworks */,
				E113A9BD216288B800BDA447 /* Resources */,
			);
			buildRules = (
			);
			dependencies = (
			);
			name = "extentions-example";
			productName = "extentions-example";
			productReference = E113A9BF216288B800BDA447 /* extentions-example.app */;
			productType = "com.apple.product-type.application";
		};
		E113A9D2216288BB00BDA447 /* extentions-exampleTests */ = {
			isa = PBXNativeTarget;
			buildConfigurationList = E113A9EA216288BB00BDA447 /* Build configuration list for PBXNativeTarget "extentions-exampleTests" */;
			buildPhases = (
				E113A9CF216288BB00BDA447 /* Sources */,
				E113A9D0216288BB00BDA447 /* Frameworks */,
				E113A9D1216288BB00BDA447 /* Resources */,
			);
			buildRules = (
			);
			dependencies = (
				E113A9D5216288BB00BDA447 /* PBXTargetDependency */,
			);
			name = "extentions-exampleTests";
			productName = "extentions-exampleTests";
			productReference = E113A9D3216288BB00BDA447 /* extentions-exampleTests.xctest */;
			productType = "com.apple.product-type.bundle.unit-test";
		};
		E113A9DD216288BB00BDA447 /* extentions-exampleUITests */ = {
			isa = PBXNativeTarget;
			buildConfigurationList = E113A9ED216288BB00BDA447 /* Build configuration list for PBXNativeTarget "extentions-exampleUITests" */;
			buildPhases = (
				E113A9DA216288BB00BDA447 /* Sources */,
				E113A9DB216288BB00BDA447 /* Frameworks */,
				E113A9DC216288BB00BDA447 /* Resources */,
			);
			buildRules = (
			);
			dependencies = (
				E113A9E0216288BB00BDA447 /* PBXTargetDependency */,
			);
			name = "extentions-exampleUITests";
			productName = "extentions-exampleUITests";
			productReference = E113A9DE216288BB00BDA447 /* extentions-exampleUITests.xctest */;
			productType = "com.apple.product-type.bundle.ui-testing";
		};
/* End PBXNativeTarget section */

/* Begin PBXProject section */
		E113A9B7216288B800BDA447 /* Project object */ = {
			isa = PBXProject;
			attributes = {
				LastSwiftUpdateCheck = 1000;
				LastUpgradeCheck = 1000;
				ORGANIZATIONNAME = "Pranay Paine";
				TargetAttributes = {
					E113A9BE216288B800BDA447 = {
						CreatedOnToolsVersion = 10.0;
					};
					E113A9D2216288BB00BDA447 = {
						CreatedOnToolsVersion = 10.0;
						TestTargetID = E113A9BE216288B800BDA447;
					};
					E113A9DD216288BB00BDA447 = {
						CreatedOnToolsVersion = 10.0;
						TestTargetID = E113A9BE216288B800BDA447;
					};
				};
			};
			buildConfigurationList = E113A9BA216288B800BDA447 /* Build configuration list for PBXProject "extentions-example" */;
			compatibilityVersion = "Xcode 9.3";
			developmentRegion = en;
			hasScannedForEncodings = 0;
			knownRegions = (
				en,
				Base,
			);
			mainGroup = E113A9B6216288B800BDA447;
			productRefGroup = E113A9C0216288B800BDA447 /* Products */;
			projectDirPath = "";
			projectRoot = "";
			targets = (
				E113A9BE216288B800BDA447 /* extentions-example */,
				E113A9D2216288BB00BDA447 /* extentions-exampleTests */,
				E113A9DD216288BB00BDA447 /* extentions-exampleUITests */,
			);
		};
/* End PBXProject section */

/* Begin PBXResourcesBuildPhase section */
		E113A9BD216288B800BDA447 /* Resources */ = {
			isa = PBXResourcesBuildPhase;
			buildActionMask = 2147483647;
			files = (
				E113A9CD216288BB00BDA447 /* LaunchScreen.storyboard in Resources */,
				E113A9CA216288BB00BDA447 /* Assets.xcassets in Resources */,
				E113A9C8216288B800BDA447 /* Main.storyboard in Resources */,
			);
			runOnlyForDeploymentPostprocessing = 0;
		};
		E113A9D1216288BB00BDA447 /* Resources */ = {
			isa = PBXResourcesBuildPhase;
			buildActionMask = 2147483647;
			files = (
				E113A9F02162892400BDA447 /* Main.storyboard in Resources */,
			);
			runOnlyForDeploymentPostprocessing = 0;
		};
		E113A9DC216288BB00BDA447 /* Resources */ = {
			isa = PBXResourcesBuildPhase;
			buildActionMask = 2147483647;
			files = (
				E113A9F12162892500BDA447 /* Main.storyboard in Resources */,
			);
			runOnlyForDeploymentPostprocessing = 0;
		};
/* End PBXResourcesBuildPhase section */

/* Begin PBXSourcesBuildPhase section */
		E113A9BB216288B800BDA447 /* Sources */ = {
			isa = PBXSourcesBuildPhase;
			buildActionMask = 2147483647;
			files = (
				E113A9C5216288B800BDA447 /* ViewController.swift in Sources */,
				E113A9F321628C7100BDA447 /* UIButtonExt.swift in Sources */,
				E113A9C3216288B800BDA447 /* AppDelegate.swift in Sources */,
				E113A9F521629AB000BDA447 /* helper.swift in Sources */,
			);
			runOnlyForDeploymentPostprocessing = 0;
		};
		E113A9CF216288BB00BDA447 /* Sources */ = {
			isa = PBXSourcesBuildPhase;
			buildActionMask = 2147483647;
			files = (
				E113A9D8216288BB00BDA447 /* extentions_exampleTests.swift in Sources */,
			);
			runOnlyForDeploymentPostprocessing = 0;
		};
		E113A9DA216288BB00BDA447 /* Sources */ = {
			isa = PBXSourcesBuildPhase;
			buildActionMask = 2147483647;
			files = (
				E113A9E3216288BB00BDA447 /* extentions_exampleUITests.swift in Sources */,
			);
			runOnlyForDeploymentPostprocessing = 0;
		};
/* End PBXSourcesBuildPhase section */

/* Begin PBXTargetDependency section */
		E113A9D5216288BB00BDA447 /* PBXTargetDependency */ = {
			isa = PBXTargetDependency;
			target = E113A9BE216288B800BDA447 /* extentions-example */;
			targetProxy = E113A9D4216288BB00BDA447 /* PBXContainerItemProxy */;
		};
		E113A9E0216288BB00BDA447 /* PBXTargetDependency */ = {
			isa = PBXTargetDependency;
			target = E113A9BE216288B800BDA447 /* extentions-example */;
			targetProxy = E113A9DF216288BB00BDA447 /* PBXContainerItemProxy */;
		};
/* End PBXTargetDependency section */

/* Begin PBXVariantGroup section */
		E113A9C6216288B800BDA447 /* Main.storyboard */ = {
			isa = PBXVariantGroup;
			children = (
				E113A9C7216288B800BDA447 /* Base */,
			);
			name = Main.storyboard;
			sourceTree = "<group>";
		};
		E113A9CB216288BB00BDA447 /* LaunchScreen.storyboard */ = {
			isa = PBXVariantGroup;
			children = (
				E113A9CC216288BB00BDA447 /* Base */,
			);
			name = LaunchScreen.storyboard;
			sourceTree = "<group>";
		};
/* End PBXVariantGroup section */

/* Begin XCBuildConfiguration section */
		E113A9E5216288BB00BDA447 /* Debug */ = {
			isa = XCBuildConfiguration;
			buildSettings = {
				ALWAYS_SEARCH_USER_PATHS = NO;
				CLANG_ANALYZER_NONNULL = YES;
				CLANG_ANALYZER_NUMBER_OBJECT_CONVERSION = YES_AGGRESSIVE;
				CLANG_CXX_LANGUAGE_STANDARD = "gnu++14";
				CLANG_CXX_LIBRARY = "libc++";
				CLANG_ENABLE_MODULES = YES;
				CLANG_ENABLE_OBJC_ARC = YES;
				CLANG_ENABLE_OBJC_WEAK = YES;
				CLANG_WARN_BLOCK_CAPTURE_AUTORELEASING = YES;
				CLANG_WARN_BOOL_CONVERSION = YES;
				CLANG_WARN_COMMA = YES;
				CLANG_WARN_CONSTANT_CONVERSION = YES;
				CLANG_WARN_DEPRECATED_OBJC_IMPLEMENTATIONS = YES;
				CLANG_WARN_DIRECT_OBJC_ISA_USAGE = YES_ERROR;
				CLANG_WARN_DOCUMENTATION_COMMENTS = YES;
				CLANG_WARN_EMPTY_BODY = YES;
				CLANG_WARN_ENUM_CONVERSION = YES;
				CLANG_WARN_INFINITE_RECURSION = YES;
				CLANG_WARN_INT_CONVERSION = YES;
				CLANG_WARN_NON_LITERAL_NULL_CONVERSION = YES;
				CLANG_WARN_OBJC_IMPLICIT_RETAIN_SELF = YES;
				CLANG_WARN_OBJC_LITERAL_CONVERSION = YES;
				CLANG_WARN_OBJC_ROOT_CLASS = YES_ERROR;
				CLANG_WARN_RANGE_LOOP_ANALYSIS = YES;
				CLANG_WARN_STRICT_PROTOTYPES = YES;
				CLANG_WARN_SUSPICIOUS_MOVE = YES;
				CLANG_WARN_UNGUARDED_AVAILABILITY = YES_AGGRESSIVE;
				CLANG_WARN_UNREACHABLE_CODE = YES;
				CLANG_WARN__DUPLICATE_METHOD_MATCH = YES;
				CODE_SIGN_IDENTITY = "iPhone Developer";
				COPY_PHASE_STRIP = NO;
				DEBUG_INFORMATION_FORMAT = dwarf;
				ENABLE_STRICT_OBJC_MSGSEND = YES;
				ENABLE_TESTABILITY = YES;
				GCC_C_LANGUAGE_STANDARD = gnu11;
				GCC_DYNAMIC_NO_PIC = NO;
				GCC_NO_COMMON_BLOCKS = YES;
				GCC_OPTIMIZATION_LEVEL = 0;
				GCC_PREPROCESSOR_DEFINITIONS = (
					"DEBUG=1",
					"$(inherited)",
				);
				GCC_WARN_64_TO_32_BIT_CONVERSION = YES;
				GCC_WARN_ABOUT_RETURN_TYPE = YES_ERROR;
				GCC_WARN_UNDECLARED_SELECTOR = YES;
				GCC_WARN_UNINITIALIZED_AUTOS = YES_AGGRESSIVE;
				GCC_WARN_UNUSED_FUNCTION = YES;
				GCC_WARN_UNUSED_VARIABLE = YES;
				IPHONEOS_DEPLOYMENT_TARGET = 12.0;
				MTL_ENABLE_DEBUG_INFO = INCLUDE_SOURCE;
				MTL_FAST_MATH = YES;
				ONLY_ACTIVE_ARCH = YES;
				SDKROOT = iphoneos;
				SWIFT_ACTIVE_COMPILATION_CONDITIONS = DEBUG;
				SWIFT_OPTIMIZATION_LEVEL = "-Onone";
			};
			name = Debug;
		};
		E113A9E6216288BB00BDA447 /* Release */ = {
			isa = XCBuildConfiguration;
			buildSettings = {
				ALWAYS_SEARCH_USER_PATHS = NO;
				CLANG_ANALYZER_NONNULL = YES;
				CLANG_ANALYZER_NUMBER_OBJECT_CONVERSION = YES_AGGRESSIVE;
				CLANG_CXX_LANGUAGE_STANDARD = "gnu++14";
				CLANG_CXX_LIBRARY = "libc++";
				CLANG_ENABLE_MODULES = YES;
				CLANG_ENABLE_OBJC_ARC = YES;
				CLANG_ENABLE_OBJC_WEAK = YES;
				CLANG_WARN_BLOCK_CAPTURE_AUTORELEASING = YES;
				CLANG_WARN_BOOL_CONVERSION = YES;
				CLANG_WARN_COMMA = YES;
				CLANG_WARN_CONSTANT_CONVERSION = YES;
				CLANG_WARN_DEPRECATED_OBJC_IMPLEMENTATIONS = YES;
				CLANG_WARN_DIRECT_OBJC_ISA_USAGE = YES_ERROR;
				CLANG_WARN_DOCUMENTATION_COMMENTS = YES;
				CLANG_WARN_EMPTY_BODY = YES;
				CLANG_WARN_ENUM_CONVERSION = YES;
				CLANG_WARN_INFINITE_RECURSION = YES;
				CLANG_WARN_INT_CONVERSION = YES;
				CLANG_WARN_NON_LITERAL_NULL_CONVERSION = YES;
				CLANG_WARN_OBJC_IMPLICIT_RETAIN_SELF = YES;
				CLANG_WARN_OBJC_LITERAL_CONVERSION = YES;
				CLANG_WARN_OBJC_ROOT_CLASS = YES_ERROR;
				CLANG_WARN_RANGE_LOOP_ANALYSIS = YES;
				CLANG_WARN_STRICT_PROTOTYPES = YES;
				CLANG_WARN_SUSPICIOUS_MOVE = YES;
				CLANG_WARN_UNGUARDED_AVAILABILITY = YES_AGGRESSIVE;
				CLANG_WARN_UNREACHABLE_CODE = YES;
				CLANG_WARN__DUPLICATE_METHOD_MATCH = YES;
				CODE_SIGN_IDENTITY = "iPhone Developer";
				COPY_PHASE_STRIP = NO;
				DEBUG_INFORMATION_FORMAT = "dwarf-with-dsym";
				ENABLE_NS_ASSERTIONS = NO;
				ENABLE_STRICT_OBJC_MSGSEND = YES;
				GCC_C_LANGUAGE_STANDARD = gnu11;
				GCC_NO_COMMON_BLOCKS = YES;
				GCC_WARN_64_TO_32_BIT_CONVERSION = YES;
				GCC_WARN_ABOUT_RETURN_TYPE = YES_ERROR;
				GCC_WARN_UNDECLARED_SELECTOR = YES;
				GCC_WARN_UNINITIALIZED_AUTOS = YES_AGGRESSIVE;
				GCC_WARN_UNUSED_FUNCTION = YES;
				GCC_WARN_UNUSED_VARIABLE = YES;
				IPHONEOS_DEPLOYMENT_TARGET = 12.0;
				MTL_ENABLE_DEBUG_INFO = NO;
				MTL_FAST_MATH = YES;
				SDKROOT = iphoneos;
				SWIFT_COMPILATION_MODE = wholemodule;
				SWIFT_OPTIMIZATION_LEVEL = "-O";
				VALIDATE_PRODUCT = YES;
			};
			name = Release;
		};
		E113A9E8216288BB00BDA447 /* Debug */ = {
			isa = XCBuildConfiguration;
			buildSettings = {
				ASSETCATALOG_COMPILER_APPICON_NAME = AppIcon;
				CODE_SIGN_STYLE = Automatic;
				INFOPLIST_FILE = "extentions-example/Info.plist";
				LD_RUNPATH_SEARCH_PATHS = (
					"$(inherited)",
					"@executable_path/Frameworks",
				);
				PRODUCT_BUNDLE_IDENTIFIER = "pranay.extentions-example";
				PRODUCT_NAME = "$(TARGET_NAME)";
				SWIFT_VERSION = 4.2;
				TARGETED_DEVICE_FAMILY = "1,2";
			};
			name = Debug;
		};
		E113A9E9216288BB00BDA447 /* Release */ = {
			isa = XCBuildConfiguration;
			buildSettings = {
				ASSETCATALOG_COMPILER_APPICON_NAME = AppIcon;
				CODE_SIGN_STYLE = Automatic;
				INFOPLIST_FILE = "extentions-example/Info.plist";
				LD_RUNPATH_SEARCH_PATHS = (
					"$(inherited)",
					"@executable_path/Frameworks",
				);
				PRODUCT_BUNDLE_IDENTIFIER = "pranay.extentions-example";
				PRODUCT_NAME = "$(TARGET_NAME)";
				SWIFT_VERSION = 4.2;
				TARGETED_DEVICE_FAMILY = "1,2";
			};
			name = Release;
		};
		E113A9EB216288BB00BDA447 /* Debug */ = {
			isa = XCBuildConfiguration;
			buildSettings = {
				ALWAYS_EMBED_SWIFT_STANDARD_LIBRARIES = YES;
				BUNDLE_LOADER = "$(TEST_HOST)";
				CODE_SIGN_STYLE = Automatic;
				INFOPLIST_FILE = "extentions-exampleTests/Info.plist";
				LD_RUNPATH_SEARCH_PATHS = (
					"$(inherited)",
					"@executable_path/Frameworks",
					"@loader_path/Frameworks",
				);
				PRODUCT_BUNDLE_IDENTIFIER = "pranay.extentions-exampleTests";
				PRODUCT_NAME = "$(TARGET_NAME)";
				SWIFT_VERSION = 4.2;
				TARGETED_DEVICE_FAMILY = "1,2";
				TEST_HOST = "$(BUILT_PRODUCTS_DIR)/extentions-example.app/extentions-example";
			};
			name = Debug;
		};
		E113A9EC216288BB00BDA447 /* Release */ = {
			isa = XCBuildConfiguration;
			buildSettings = {
				ALWAYS_EMBED_SWIFT_STANDARD_LIBRARIES = YES;
				BUNDLE_LOADER = "$(TEST_HOST)";
				CODE_SIGN_STYLE = Automatic;
				INFOPLIST_FILE = "extentions-exampleTests/Info.plist";
				LD_RUNPATH_SEARCH_PATHS = (
					"$(inherited)",
					"@executable_path/Frameworks",
					"@loader_path/Frameworks",
				);
				PRODUCT_BUNDLE_IDENTIFIER = "pranay.extentions-exampleTests";
				PRODUCT_NAME = "$(TARGET_NAME)";
				SWIFT_VERSION = 4.2;
				TARGETED_DEVICE_FAMILY = "1,2";
				TEST_HOST = "$(BUILT_PRODUCTS_DIR)/extentions-example.app/extentions-example";
			};
			name = Release;
		};
		E113A9EE216288BB00BDA447 /* Debug */ = {
			isa = XCBuildConfiguration;
			buildSettings = {
				ALWAYS_EMBED_SWIFT_STANDARD_LIBRARIES = YES;
				CODE_SIGN_STYLE = Automatic;
				INFOPLIST_FILE = "extentions-exampleUITests/Info.plist";
				LD_RUNPATH_SEARCH_PATHS = (
					"$(inherited)",
					"@executable_path/Frameworks",
					"@loader_path/Frameworks",
				);
				PRODUCT_BUNDLE_IDENTIFIER = "pranay.extentions-exampleUITests";
				PRODUCT_NAME = "$(TARGET_NAME)";
				SWIFT_VERSION = 4.2;
				TARGETED_DEVICE_FAMILY = "1,2";
				TEST_TARGET_NAME = "extentions-example";
			};
			name = Debug;
		};
		E113A9EF216288BB00BDA447 /* Release */ = {
			isa = XCBuildConfiguration;
			buildSettings = {
				ALWAYS_EMBED_SWIFT_STANDARD_LIBRARIES = YES;
				CODE_SIGN_STYLE = Automatic;
				INFOPLIST_FILE = "extentions-exampleUITests/Info.plist";
				LD_RUNPATH_SEARCH_PATHS = (
					"$(inherited)",
					"@executable_path/Frameworks",
					"@loader_path/Frameworks",
				);
				PRODUCT_BUNDLE_IDENTIFIER = "pranay.extentions-exampleUITests";
				PRODUCT_NAME = "$(TARGET_NAME)";
				SWIFT_VERSION = 4.2;
				TARGETED_DEVICE_FAMILY = "1,2";
				TEST_TARGET_NAME = "extentions-example";
			};
			name = Release;
		};
/* End XCBuildConfiguration section */

/* Begin XCConfigurationList section */
		E113A9BA216288B800BDA447 /* Build configuration list for PBXProject "extentions-example" */ = {
			isa = XCConfigurationList;
			buildConfigurations = (
				E113A9E5216288BB00BDA447 /* Debug */,
				E113A9E6216288BB00BDA447 /* Release */,
			);
			defaultConfigurationIsVisible = 0;
			defaultConfigurationName = Release;
		};
		E113A9E7216288BB00BDA447 /* Build configuration list for PBXNativeTarget "extentions-example" */ = {
			isa = XCConfigurationList;
			buildConfigurations = (
				E113A9E8216288BB00BDA447 /* Debug */,
				E113A9E9216288BB00BDA447 /* Release */,
			);
			defaultConfigurationIsVisible = 0;
			defaultConfigurationName = Release;
		};
		E113A9EA216288BB00BDA447 /* Build configuration list for PBXNativeTarget "extentions-exampleTests" */ = {
			isa = XCConfigurationList;
			buildConfigurations = (
				E113A9EB216288BB00BDA447 /* Debug */,
				E113A9EC216288BB00BDA447 /* Release */,
			);
			defaultConfigurationIsVisible = 0;
			defaultConfigurationName = Release;
		};
		E113A9ED216288BB00BDA447 /* Build configuration list for PBXNativeTarget "extentions-exampleUITests" */ = {
			isa = XCConfigurationList;
			buildConfigurations = (
				E113A9EE216288BB00BDA447 /* Debug */,
				E113A9EF216288BB00BDA447 /* Release */,
			);
			defaultConfigurationIsVisible = 0;
			defaultConfigurationName = Release;
		};
/* End XCConfigurationList section */
	};
	rootObject = E113A9B7216288B800BDA447 /* Project object */;
}
